
Microsoft Visual Studio Solution File, Format Version 12.00
# Visual Studio Version 16
VisualStudioVersion = 16.0.29411.108
MinimumVisualStudioVersion = 10.0.40219.1
Project("{9092AA53-FB77-4645-B42D-1CCCA6BD08BD}") = "ExpressAppLoadTest2", "ExpressAppLoadTest2\ExpressAppLoadTest2.njsproj", "{28BD6FDD-2ACE-4442-B633-80A89A9C625F}"
EndProject
Global
	GlobalSection(SolutionConfigurationPlatforms) = preSolution
		Debug|Any CPU = Debug|Any CPU
		Release|Any CPU = Release|Any CPU
	EndGlobalSection
	GlobalSection(ProjectConfigurationPlatforms) = postSolution
		{28BD6FDD-2ACE-4442-B633-80A89A9C625F}.Debug|Any CPU.ActiveCfg = Debug|Any CPU
		{28BD6FDD-2ACE-4442-B633-80A89A9C625F}.Debug|Any CPU.Build.0 = Debug|Any CPU
		{28BD6FDD-2ACE-4442-B633-80A89A9C625F}.Release|Any CPU.ActiveCfg = Release|Any CPU
		{28BD6FDD-2ACE-4442-B633-80A89A9C625F}.Release|Any CPU.Build.0 = Release|Any CPU
	EndGlobalSection
	GlobalSection(SolutionProperties) = preSolution
		HideSolutionNode = FALSE
	EndGlobalSection
	GlobalSection(ExtensibilityGlobals) = postSolution
		SolutionGuid = {DF041966-8391-4644-BABD-4B8F9A774060}
	EndGlobalSection
EndGlobal
